# THIS IS AN AUTOGENERATED FILE. DO NOT EDIT THIS FILE DIRECTLY.
# yarn lockfile v1


react-native-flubber@^2.0.2:
  version "2.0.2"
  resolved "https://registry.yarnpkg.com/react-native-flubber/-/react-native-flubber-2.0.2.tgz#bb9e7ba77b931d5f5489c9d4ec0b60a84d18ad38"
  integrity sha512-lrBJGOIYRQ8nlDOwrKe5Pc82Weg4pPDY5AnqH4KT8cZBpmytDhWLB7cfAZDbr9624aCFTPf3mdBEsukIe+xnAw==
